
Microsoft Visual Studio Solution File, Format Version 12.00
# Visual Studio Version 17
VisualStudioVersion = 17.5.33414.496
MinimumVisualStudioVersion = 10.0.40219.1
Project("{8BC9CEB8-8B4A-11D0-8D11-00A0C91BC942}") = "Rectangle_method", "Rectangle_method.vcxproj", "{5B8645A0-BA41-41AA-8F54-7E9844F28A1C}"
EndProject
Global
	GlobalSection(SolutionConfigurationPlatforms) = preSolution
		Debug|x64 = Debug|x64
		Debug|x86 = Debug|x86
		Release|x64 = Release|x64
		Release|x86 = Release|x86
	EndGlobalSection
	GlobalSection(ProjectConfigurationPlatforms) = postSolution
		{5B8645A0-BA41-41AA-8F54-7E9844F28A1C}.Debug|x64.ActiveCfg = Debug|x64
		{5B8645A0-BA41-41AA-8F54-7E9844F28A1C}.Debug|x64.Build.0 = Debug|x64
		{5B8645A0-BA41-41AA-8F54-7E9844F28A1C}.Debug|x86.ActiveCfg = Debug|Win32
		{5B8645A0-BA41-41AA-8F54-7E9844F28A1C}.Debug|x86.Build.0 = Debug|Win32
		{5B8645A0-BA41-41AA-8F54-7E9844F28A1C}.Release|x64.ActiveCfg = Release|x64
		{5B8645A0-BA41-41AA-8F54-7E9844F28A1C}.Release|x64.Build.0 = Release|x64
		{5B8645A0-BA41-41AA-8F54-7E9844F28A1C}.Release|x86.ActiveCfg = Release|Win32
		{5B8645A0-BA41-41AA-8F54-7E9844F28A1C}.Release|x86.Build.0 = Release|Win32
	EndGlobalSection
	GlobalSection(SolutionProperties) = preSolution
		HideSolutionNode = FALSE
	EndGlobalSection
	GlobalSection(ExtensibilityGlobals) = postSolution
		SolutionGuid = {A9F936D4-22A1-4B91-B916-AAAC7332334F}
	EndGlobalSection
EndGlobal
